
Microsoft Visual Studio Solution File, Format Version 12.00
# Visual Studio Version 16
VisualStudioVersion = 16.0.30011.22
MinimumVisualStudioVersion = 10.0.40219.1
Project("{FAE04EC0-301F-11D3-BF4B-00C04F79EFBC}") = "ConsoleApp1", "ConsoleApp1\ConsoleApp1.csproj", "{0232FABD-28B0-4A9E-8E10-039B1B1D1FB0}"
EndProject
Global
	GlobalSection(SolutionConfigurationPlatforms) = preSolution
		Debug|Any CPU = Debug|Any CPU
		Release|Any CPU = Release|Any CPU
	EndGlobalSection
	GlobalSection(ProjectConfigurationPlatforms) = postSolution
		{0232FABD-28B0-4A9E-8E10-039B1B1D1FB0}.Debug|Any CPU.ActiveCfg = Debug|Any CPU
		{0232FABD-28B0-4A9E-8E10-039B1B1D1FB0}.Debug|Any CPU.Build.0 = Debug|Any CPU
		{0232FABD-28B0-4A9E-8E10-039B1B1D1FB0}.Release|Any CPU.ActiveCfg = Release|Any CPU
		{0232FABD-28B0-4A9E-8E10-039B1B1D1FB0}.Release|Any CPU.Build.0 = Release|Any CPU
	EndGlobalSection
	GlobalSection(SolutionProperties) = preSolution
		HideSolutionNode = FALSE
	EndGlobalSection
	GlobalSection(ExtensibilityGlobals) = postSolution
		SolutionGuid = {92D1B562-E56F-4B8F-B310-4E9D63833E65}
	EndGlobalSection
EndGlobal
